{
  "version": 4,
  "terraform_version": "1.5.2",
  "serial": 1,
  "lineage": "acd6d7a3-543c-315d-90ad-9c38b4230196",
  "outputs": {},
  "resources": [
    {
      "mode": "managed",
      "type": "artifactory_local_maven_repository",
      "name": "maven_repository",
      "provider": "provider[\"registry.terraform.io/jfrog/artifactory\"]",
      "instances": [
        {
          "schema_version": 1,
          "attributes": {
            "archive_browsing_enabled": false,
            "blacked_out": false,
            "cdn_redirect": false,
            "checksum_policy_type": "client-checksums",
            "description": "Maven repository created through Terraform",
            "download_direct": false,
            "excludes_pattern": "",
            "handle_releases": true,
            "handle_snapshots": true,
            "id": "maven-tf-example",
            "includes_pattern": "**/*",
            "key": "maven-tf-example",
            "max_unique_snapshots": 0,
            "notes": "",
            "package_type": "maven",
            "priority_resolution": false,
            "project_environments": [],
            "project_key": "",
            "property_sets": null,
            "repo_layout_ref": "maven-2-default",
            "snapshot_version_behavior": "unique",
            "suppress_pom_consistency_checks": false,
            "xray_index": false
          },
          "sensitive_attributes": [],
          "private": "eyJzY2hlbWFfdmVyc2lvbiI6IjEifQ=="
        }
      ]
    }
  ],
  "check_results": null
}
